
Microsoft Visual Studio Solution File, Format Version 12.00
# Visual Studio Version 17
VisualStudioVersion = 17.7.34202.233
MinimumVisualStudioVersion = 10.0.40219.1
Project("{FAE04EC0-301F-11D3-BF4B-00C04F79EFBC}") = "CodeFirstApi", "CodeFirstApi.csproj", "{CD81E813-AA96-4A94-BFCC-29E5BA732F4D}"
EndProject
Global
	GlobalSection(SolutionConfigurationPlatforms) = preSolution
		Debug|Any CPU = Debug|Any CPU
		Release|Any CPU = Release|Any CPU
	EndGlobalSection
	GlobalSection(ProjectConfigurationPlatforms) = postSolution
		{CD81E813-AA96-4A94-BFCC-29E5BA732F4D}.Debug|Any CPU.ActiveCfg = Debug|Any CPU
		{CD81E813-AA96-4A94-BFCC-29E5BA732F4D}.Debug|Any CPU.Build.0 = Debug|Any CPU
		{CD81E813-AA96-4A94-BFCC-29E5BA732F4D}.Release|Any CPU.ActiveCfg = Release|Any CPU
		{CD81E813-AA96-4A94-BFCC-29E5BA732F4D}.Release|Any CPU.Build.0 = Release|Any CPU
	EndGlobalSection
	GlobalSection(SolutionProperties) = preSolution
		HideSolutionNode = FALSE
	EndGlobalSection
	GlobalSection(ExtensibilityGlobals) = postSolution
		SolutionGuid = {8F083F0C-A568-467C-914E-DA1CB92A831B}
	EndGlobalSection
EndGlobal
